
Microsoft Visual Studio Solution File, Format Version 12.00
# Visual Studio Version 16
VisualStudioVersion = 16.0.29509.3
MinimumVisualStudioVersion = 10.0.40219.1
Project("{FAE04EC0-301F-11D3-BF4B-00C04F79EFBC}") = "Midterm_Brandon_Toppel", "Midterm_Brandon_Toppel\Midterm_Brandon_Toppel.csproj", "{49BDF405-2617-4379-8828-934CB147DCAC}"
EndProject
Global
	GlobalSection(SolutionConfigurationPlatforms) = preSolution
		Debug|Any CPU = Debug|Any CPU
		Release|Any CPU = Release|Any CPU
	EndGlobalSection
	GlobalSection(ProjectConfigurationPlatforms) = postSolution
		{49BDF405-2617-4379-8828-934CB147DCAC}.Debug|Any CPU.ActiveCfg = Debug|Any CPU
		{49BDF405-2617-4379-8828-934CB147DCAC}.Debug|Any CPU.Build.0 = Debug|Any CPU
		{49BDF405-2617-4379-8828-934CB147DCAC}.Release|Any CPU.ActiveCfg = Release|Any CPU
		{49BDF405-2617-4379-8828-934CB147DCAC}.Release|Any CPU.Build.0 = Release|Any CPU
	EndGlobalSection
	GlobalSection(SolutionProperties) = preSolution
		HideSolutionNode = FALSE
	EndGlobalSection
	GlobalSection(ExtensibilityGlobals) = postSolution
		SolutionGuid = {08259E3C-7D9F-4F65-8E35-8D18A0F32074}
	EndGlobalSection
EndGlobal
